
Microsoft Visual Studio Solution File, Format Version 12.00
# Visual Studio 2013
VisualStudioVersion = 12.0.31101.0
MinimumVisualStudioVersion = 10.0.40219.1
Project("{FAE04EC0-301F-11D3-BF4B-00C04F79EFBC}") = "CodeCoverage", "CodeCoverage\CodeCoverage.csproj", "{C8519B90-07CB-4C15-AA6B-0D26501B0078}"
EndProject
Project("{FAE04EC0-301F-11D3-BF4B-00C04F79EFBC}") = "Core", "Core\Core.csproj", "{9FA093A0-BBB0-4BAF-8F9B-0235E89BE052}"
EndProject
Global
	GlobalSection(SolutionConfigurationPlatforms) = preSolution
		Debug|Any CPU = Debug|Any CPU
		Release|Any CPU = Release|Any CPU
	EndGlobalSection
	GlobalSection(ProjectConfigurationPlatforms) = postSolution
		{C8519B90-07CB-4C15-AA6B-0D26501B0078}.Debug|Any CPU.ActiveCfg = Debug|Any CPU
		{C8519B90-07CB-4C15-AA6B-0D26501B0078}.Debug|Any CPU.Build.0 = Debug|Any CPU
		{C8519B90-07CB-4C15-AA6B-0D26501B0078}.Release|Any CPU.ActiveCfg = Release|Any CPU
		{C8519B90-07CB-4C15-AA6B-0D26501B0078}.Release|Any CPU.Build.0 = Release|Any CPU
		{9FA093A0-BBB0-4BAF-8F9B-0235E89BE052}.Debug|Any CPU.ActiveCfg = Debug|Any CPU
		{9FA093A0-BBB0-4BAF-8F9B-0235E89BE052}.Debug|Any CPU.Build.0 = Debug|Any CPU
		{9FA093A0-BBB0-4BAF-8F9B-0235E89BE052}.Release|Any CPU.ActiveCfg = Release|Any CPU
		{9FA093A0-BBB0-4BAF-8F9B-0235E89BE052}.Release|Any CPU.Build.0 = Release|Any CPU
	EndGlobalSection
	GlobalSection(SolutionProperties) = preSolution
		HideSolutionNode = FALSE
	EndGlobalSection
EndGlobal
